
Microsoft Visual Studio Solution File, Format Version 12.00
# Visual Studio Version 17
VisualStudioVersion = 17.2.32519.379
MinimumVisualStudioVersion = 10.0.40219.1
Project("{2150E333-8FDC-42A3-9474-1A3956D46DE8}") = "Solution Items", "Solution Items", "{43CA6A99-F69F-4ECC-ADE1-3AEA4FD15D67}"
	ProjectSection(SolutionItems) = preProject
		README.md = README.md
	EndProjectSection
EndProject
Project("{2150E333-8FDC-42A3-9474-1A3956D46DE8}") = "Progetti", "Progetti", "{5C2A8B24-FEC7-45B3-8392-FF1D026131C7}"
EndProject
Project("{2150E333-8FDC-42A3-9474-1A3956D46DE8}") = "Tests", "Tests", "{885D772C-5311-4197-8F31-96B928C73880}"
EndProject
Project("{778DAE3C-4631-46EA-AA77-85C1314464D9}") = "TestProject1", "TestProject1\TestProject1.vbproj", "{429608B6-A193-47B4-912C-8F5B1174249A}"
EndProject
Project("{778DAE3C-4631-46EA-AA77-85C1314464D9}") = "Basi", "Basi\Basi.vbproj", "{C6ADF8FA-6D3B-4C0B-B072-9C7A9848BF8F}"
EndProject
Project("{778DAE3C-4631-46EA-AA77-85C1314464D9}") = "Inheritance", "Inheritance\Inheritance.vbproj", "{73C0BD1F-041D-438B-9EBB-A5742A8195AB}"
EndProject
Project("{2150E333-8FDC-42A3-9474-1A3956D46DE8}") = "Progetti2", "Progetti2", "{EEE03B11-3EEF-41C2-840C-15BE0493E2FF}"
EndProject
Project("{778DAE3C-4631-46EA-AA77-85C1314464D9}") = "ConsoleApp1", "ConsoleApp1\ConsoleApp1.vbproj", "{9E41BB41-63B0-4EC3-84A8-218EF7B66BFD}"
EndProject
Project("{778DAE3C-4631-46EA-AA77-85C1314464D9}") = "ClassAndObject", "ClassAndObject\ClassAndObject.vbproj", "{F65E3384-53F6-4E27-A065-1C04447116CE}"
EndProject
Project("{778DAE3C-4631-46EA-AA77-85C1314464D9}") = "SOLID", "SOLID\SOLID.vbproj", "{A2143227-B956-40CB-8210-F3E9DC8E4FA0}"
EndProject
Project("{F184B08F-C81C-45F6-A57F-5ABD9991F28F}") = "Eseguibile", "Eseguibile\Eseguibile.vbproj", "{7C2F7C31-7333-4610-91DD-CDAA777EF68C}"
EndProject
Project("{F184B08F-C81C-45F6-A57F-5ABD9991F28F}") = "SI", "SI\SI.vbproj", "{2079AED8-F19F-4DAF-B518-E4F3D03F2E8C}"
EndProject
Global
	GlobalSection(SolutionConfigurationPlatforms) = preSolution
		Debug|Any CPU = Debug|Any CPU
		Release|Any CPU = Release|Any CPU
	EndGlobalSection
	GlobalSection(ProjectConfigurationPlatforms) = postSolution
		{429608B6-A193-47B4-912C-8F5B1174249A}.Debug|Any CPU.ActiveCfg = Debug|Any CPU
		{429608B6-A193-47B4-912C-8F5B1174249A}.Debug|Any CPU.Build.0 = Debug|Any CPU
		{429608B6-A193-47B4-912C-8F5B1174249A}.Release|Any CPU.ActiveCfg = Release|Any CPU
		{429608B6-A193-47B4-912C-8F5B1174249A}.Release|Any CPU.Build.0 = Release|Any CPU
		{C6ADF8FA-6D3B-4C0B-B072-9C7A9848BF8F}.Debug|Any CPU.ActiveCfg = Debug|Any CPU
		{C6ADF8FA-6D3B-4C0B-B072-9C7A9848BF8F}.Debug|Any CPU.Build.0 = Debug|Any CPU
		{C6ADF8FA-6D3B-4C0B-B072-9C7A9848BF8F}.Release|Any CPU.ActiveCfg = Release|Any CPU
		{C6ADF8FA-6D3B-4C0B-B072-9C7A9848BF8F}.Release|Any CPU.Build.0 = Release|Any CPU
		{73C0BD1F-041D-438B-9EBB-A5742A8195AB}.Debug|Any CPU.ActiveCfg = Debug|Any CPU
		{73C0BD1F-041D-438B-9EBB-A5742A8195AB}.Debug|Any CPU.Build.0 = Debug|Any CPU
		{73C0BD1F-041D-438B-9EBB-A5742A8195AB}.Release|Any CPU.ActiveCfg = Release|Any CPU
		{73C0BD1F-041D-438B-9EBB-A5742A8195AB}.Release|Any CPU.Build.0 = Release|Any CPU
		{9E41BB41-63B0-4EC3-84A8-218EF7B66BFD}.Debug|Any CPU.ActiveCfg = Debug|Any CPU
		{9E41BB41-63B0-4EC3-84A8-218EF7B66BFD}.Debug|Any CPU.Build.0 = Debug|Any CPU
		{9E41BB41-63B0-4EC3-84A8-218EF7B66BFD}.Release|Any CPU.ActiveCfg = Release|Any CPU
		{9E41BB41-63B0-4EC3-84A8-218EF7B66BFD}.Release|Any CPU.Build.0 = Release|Any CPU
		{F65E3384-53F6-4E27-A065-1C04447116CE}.Debug|Any CPU.ActiveCfg = Debug|Any CPU
		{F65E3384-53F6-4E27-A065-1C04447116CE}.Debug|Any CPU.Build.0 = Debug|Any CPU
		{F65E3384-53F6-4E27-A065-1C04447116CE}.Release|Any CPU.ActiveCfg = Release|Any CPU
		{F65E3384-53F6-4E27-A065-1C04447116CE}.Release|Any CPU.Build.0 = Release|Any CPU
		{A2143227-B956-40CB-8210-F3E9DC8E4FA0}.Debug|Any CPU.ActiveCfg = Debug|Any CPU
		{A2143227-B956-40CB-8210-F3E9DC8E4FA0}.Debug|Any CPU.Build.0 = Debug|Any CPU
		{A2143227-B956-40CB-8210-F3E9DC8E4FA0}.Release|Any CPU.ActiveCfg = Release|Any CPU
		{A2143227-B956-40CB-8210-F3E9DC8E4FA0}.Release|Any CPU.Build.0 = Release|Any CPU
		{7C2F7C31-7333-4610-91DD-CDAA777EF68C}.Debug|Any CPU.ActiveCfg = Debug|Any CPU
		{7C2F7C31-7333-4610-91DD-CDAA777EF68C}.Debug|Any CPU.Build.0 = Debug|Any CPU
		{7C2F7C31-7333-4610-91DD-CDAA777EF68C}.Release|Any CPU.ActiveCfg = Release|Any CPU
		{7C2F7C31-7333-4610-91DD-CDAA777EF68C}.Release|Any CPU.Build.0 = Release|Any CPU
		{2079AED8-F19F-4DAF-B518-E4F3D03F2E8C}.Debug|Any CPU.ActiveCfg = Debug|Any CPU
		{2079AED8-F19F-4DAF-B518-E4F3D03F2E8C}.Debug|Any CPU.Build.0 = Debug|Any CPU
		{2079AED8-F19F-4DAF-B518-E4F3D03F2E8C}.Release|Any CPU.ActiveCfg = Release|Any CPU
		{2079AED8-F19F-4DAF-B518-E4F3D03F2E8C}.Release|Any CPU.Build.0 = Release|Any CPU
	EndGlobalSection
	GlobalSection(SolutionProperties) = preSolution
		HideSolutionNode = FALSE
	EndGlobalSection
	GlobalSection(NestedProjects) = preSolution
		{429608B6-A193-47B4-912C-8F5B1174249A} = {885D772C-5311-4197-8F31-96B928C73880}
		{C6ADF8FA-6D3B-4C0B-B072-9C7A9848BF8F} = {5C2A8B24-FEC7-45B3-8392-FF1D026131C7}
		{73C0BD1F-041D-438B-9EBB-A5742A8195AB} = {5C2A8B24-FEC7-45B3-8392-FF1D026131C7}
		{9E41BB41-63B0-4EC3-84A8-218EF7B66BFD} = {EEE03B11-3EEF-41C2-840C-15BE0493E2FF}
		{F65E3384-53F6-4E27-A065-1C04447116CE} = {5C2A8B24-FEC7-45B3-8392-FF1D026131C7}
		{A2143227-B956-40CB-8210-F3E9DC8E4FA0} = {5C2A8B24-FEC7-45B3-8392-FF1D026131C7}
		{7C2F7C31-7333-4610-91DD-CDAA777EF68C} = {5C2A8B24-FEC7-45B3-8392-FF1D026131C7}
		{2079AED8-F19F-4DAF-B518-E4F3D03F2E8C} = {5C2A8B24-FEC7-45B3-8392-FF1D026131C7}
	EndGlobalSection
	GlobalSection(ExtensibilityGlobals) = postSolution
		SolutionGuid = {A96A2476-21AC-4AE8-A13F-3D429D996E8C}
	EndGlobalSection
EndGlobal
